
Microsoft Visual Studio Solution File, Format Version 12.00
# Visual Studio 2013
VisualStudioVersion = 12.0.30501.0
MinimumVisualStudioVersion = 10.0.40219.1
Project("{FAE04EC0-301F-11D3-BF4B-00C04F79EFBC}") = "Day01", "Day01\Day01.csproj", "{3C451679-A6A7-4768-A183-377D1FFC4030}"
EndProject
Project("{FAE04EC0-301F-11D3-BF4B-00C04F79EFBC}") = "Day02", "Day02\Day02.csproj", "{41C25515-5892-4628-AFFD-00EEFFE930DF}"
EndProject
Project("{FAE04EC0-301F-11D3-BF4B-00C04F79EFBC}") = "Day03", "Day03\Day03.csproj", "{C81579AB-628E-4159-9C09-B7CD9D293920}"
EndProject
Project("{FAE04EC0-301F-11D3-BF4B-00C04F79EFBC}") = "Day04", "Day04\Day04.csproj", "{6DA58151-859B-484B-95D2-43919083AD2A}"
EndProject
Project("{FAE04EC0-301F-11D3-BF4B-00C04F79EFBC}") = "Day05", "Day05\Day05.csproj", "{E7D8D631-FB72-4776-93E6-0D81E65D344D}"
EndProject
Project("{FAE04EC0-301F-11D3-BF4B-00C04F79EFBC}") = "Day06", "Day06\Day06.csproj", "{ADD6AD42-859A-4336-B260-3BBD7D7B0F27}"
EndProject
Project("{FAE04EC0-301F-11D3-BF4B-00C04F79EFBC}") = "Day07", "Day07\Day07.csproj", "{B19F9042-38BB-4C84-BFB3-EC70F5A53AEC}"
EndProject
Project("{FAE04EC0-301F-11D3-BF4B-00C04F79EFBC}") = "Day08", "Day08\Day08.csproj", "{C398D619-DE6C-4FA0-9765-01B3DECE41F6}"
EndProject
Project("{FAE04EC0-301F-11D3-BF4B-00C04F79EFBC}") = "Day09", "Day09\Day09.csproj", "{BF297AF9-02EA-4787-9C60-477CC2668A33}"
EndProject
Project("{FAE04EC0-301F-11D3-BF4B-00C04F79EFBC}") = "Day10", "Day10\Day10.csproj", "{2ED268AE-8B13-4C28-864E-9C9696C673FE}"
EndProject
Project("{FAE04EC0-301F-11D3-BF4B-00C04F79EFBC}") = "Day11", "Day11\Day11.csproj", "{C73D2E5C-634A-40EA-97C4-809D9FE10BBA}"
EndProject
Project("{FAE04EC0-301F-11D3-BF4B-00C04F79EFBC}") = "Day12", "Day12\Day12.csproj", "{A9484EA3-8EDE-462D-8FBD-5882B21136C8}"
EndProject
Project("{FAE04EC0-301F-11D3-BF4B-00C04F79EFBC}") = "Day13", "Day13\Day13.csproj", "{6D54F81D-F2F3-4324-9ECE-0BE45CA6D8C7}"
EndProject
Project("{FAE04EC0-301F-11D3-BF4B-00C04F79EFBC}") = "Day14", "Day14\Day14.csproj", "{250E054F-7492-40E3-84BD-D57FCDF50164}"
EndProject
Global
	GlobalSection(SolutionConfigurationPlatforms) = preSolution
		Debug|Any CPU = Debug|Any CPU
		Release|Any CPU = Release|Any CPU
	EndGlobalSection
	GlobalSection(ProjectConfigurationPlatforms) = postSolution
		{3C451679-A6A7-4768-A183-377D1FFC4030}.Debug|Any CPU.ActiveCfg = Debug|Any CPU
		{3C451679-A6A7-4768-A183-377D1FFC4030}.Debug|Any CPU.Build.0 = Debug|Any CPU
		{3C451679-A6A7-4768-A183-377D1FFC4030}.Release|Any CPU.ActiveCfg = Release|Any CPU
		{3C451679-A6A7-4768-A183-377D1FFC4030}.Release|Any CPU.Build.0 = Release|Any CPU
		{41C25515-5892-4628-AFFD-00EEFFE930DF}.Debug|Any CPU.ActiveCfg = Debug|Any CPU
		{41C25515-5892-4628-AFFD-00EEFFE930DF}.Debug|Any CPU.Build.0 = Debug|Any CPU
		{41C25515-5892-4628-AFFD-00EEFFE930DF}.Release|Any CPU.ActiveCfg = Release|Any CPU
		{41C25515-5892-4628-AFFD-00EEFFE930DF}.Release|Any CPU.Build.0 = Release|Any CPU
		{C81579AB-628E-4159-9C09-B7CD9D293920}.Debug|Any CPU.ActiveCfg = Debug|Any CPU
		{C81579AB-628E-4159-9C09-B7CD9D293920}.Debug|Any CPU.Build.0 = Debug|Any CPU
		{C81579AB-628E-4159-9C09-B7CD9D293920}.Release|Any CPU.ActiveCfg = Release|Any CPU
		{C81579AB-628E-4159-9C09-B7CD9D293920}.Release|Any CPU.Build.0 = Release|Any CPU
		{6DA58151-859B-484B-95D2-43919083AD2A}.Debug|Any CPU.ActiveCfg = Debug|Any CPU
		{6DA58151-859B-484B-95D2-43919083AD2A}.Debug|Any CPU.Build.0 = Debug|Any CPU
		{6DA58151-859B-484B-95D2-43919083AD2A}.Release|Any CPU.ActiveCfg = Release|Any CPU
		{6DA58151-859B-484B-95D2-43919083AD2A}.Release|Any CPU.Build.0 = Release|Any CPU
		{E7D8D631-FB72-4776-93E6-0D81E65D344D}.Debug|Any CPU.ActiveCfg = Debug|Any CPU
		{E7D8D631-FB72-4776-93E6-0D81E65D344D}.Debug|Any CPU.Build.0 = Debug|Any CPU
		{E7D8D631-FB72-4776-93E6-0D81E65D344D}.Release|Any CPU.ActiveCfg = Release|Any CPU
		{E7D8D631-FB72-4776-93E6-0D81E65D344D}.Release|Any CPU.Build.0 = Release|Any CPU
		{ADD6AD42-859A-4336-B260-3BBD7D7B0F27}.Debug|Any CPU.ActiveCfg = Debug|Any CPU
		{ADD6AD42-859A-4336-B260-3BBD7D7B0F27}.Debug|Any CPU.Build.0 = Debug|Any CPU
		{ADD6AD42-859A-4336-B260-3BBD7D7B0F27}.Release|Any CPU.ActiveCfg = Release|Any CPU
		{ADD6AD42-859A-4336-B260-3BBD7D7B0F27}.Release|Any CPU.Build.0 = Release|Any CPU
		{B19F9042-38BB-4C84-BFB3-EC70F5A53AEC}.Debug|Any CPU.ActiveCfg = Debug|Any CPU
		{B19F9042-38BB-4C84-BFB3-EC70F5A53AEC}.Debug|Any CPU.Build.0 = Debug|Any CPU
		{B19F9042-38BB-4C84-BFB3-EC70F5A53AEC}.Release|Any CPU.ActiveCfg = Release|Any CPU
		{B19F9042-38BB-4C84-BFB3-EC70F5A53AEC}.Release|Any CPU.Build.0 = Release|Any CPU
		{C398D619-DE6C-4FA0-9765-01B3DECE41F6}.Debug|Any CPU.ActiveCfg = Debug|Any CPU
		{C398D619-DE6C-4FA0-9765-01B3DECE41F6}.Debug|Any CPU.Build.0 = Debug|Any CPU
		{C398D619-DE6C-4FA0-9765-01B3DECE41F6}.Release|Any CPU.ActiveCfg = Release|Any CPU
		{C398D619-DE6C-4FA0-9765-01B3DECE41F6}.Release|Any CPU.Build.0 = Release|Any CPU
		{BF297AF9-02EA-4787-9C60-477CC2668A33}.Debug|Any CPU.ActiveCfg = Debug|Any CPU
		{BF297AF9-02EA-4787-9C60-477CC2668A33}.Debug|Any CPU.Build.0 = Debug|Any CPU
		{BF297AF9-02EA-4787-9C60-477CC2668A33}.Release|Any CPU.ActiveCfg = Release|Any CPU
		{BF297AF9-02EA-4787-9C60-477CC2668A33}.Release|Any CPU.Build.0 = Release|Any CPU
		{2ED268AE-8B13-4C28-864E-9C9696C673FE}.Debug|Any CPU.ActiveCfg = Debug|Any CPU
		{2ED268AE-8B13-4C28-864E-9C9696C673FE}.Debug|Any CPU.Build.0 = Debug|Any CPU
		{2ED268AE-8B13-4C28-864E-9C9696C673FE}.Release|Any CPU.ActiveCfg = Release|Any CPU
		{2ED268AE-8B13-4C28-864E-9C9696C673FE}.Release|Any CPU.Build.0 = Release|Any CPU
		{C73D2E5C-634A-40EA-97C4-809D9FE10BBA}.Debug|Any CPU.ActiveCfg = Debug|Any CPU
		{C73D2E5C-634A-40EA-97C4-809D9FE10BBA}.Debug|Any CPU.Build.0 = Debug|Any CPU
		{C73D2E5C-634A-40EA-97C4-809D9FE10BBA}.Release|Any CPU.ActiveCfg = Release|Any CPU
		{C73D2E5C-634A-40EA-97C4-809D9FE10BBA}.Release|Any CPU.Build.0 = Release|Any CPU
		{A9484EA3-8EDE-462D-8FBD-5882B21136C8}.Debug|Any CPU.ActiveCfg = Debug|Any CPU
		{A9484EA3-8EDE-462D-8FBD-5882B21136C8}.Debug|Any CPU.Build.0 = Debug|Any CPU
		{A9484EA3-8EDE-462D-8FBD-5882B21136C8}.Release|Any CPU.ActiveCfg = Release|Any CPU
		{A9484EA3-8EDE-462D-8FBD-5882B21136C8}.Release|Any CPU.Build.0 = Release|Any CPU
		{6D54F81D-F2F3-4324-9ECE-0BE45CA6D8C7}.Debug|Any CPU.ActiveCfg = Debug|Any CPU
		{6D54F81D-F2F3-4324-9ECE-0BE45CA6D8C7}.Debug|Any CPU.Build.0 = Debug|Any CPU
		{6D54F81D-F2F3-4324-9ECE-0BE45CA6D8C7}.Release|Any CPU.ActiveCfg = Release|Any CPU
		{6D54F81D-F2F3-4324-9ECE-0BE45CA6D8C7}.Release|Any CPU.Build.0 = Release|Any CPU
		{250E054F-7492-40E3-84BD-D57FCDF50164}.Debug|Any CPU.ActiveCfg = Debug|Any CPU
		{250E054F-7492-40E3-84BD-D57FCDF50164}.Debug|Any CPU.Build.0 = Debug|Any CPU
		{250E054F-7492-40E3-84BD-D57FCDF50164}.Release|Any CPU.ActiveCfg = Release|Any CPU
		{250E054F-7492-40E3-84BD-D57FCDF50164}.Release|Any CPU.Build.0 = Release|Any CPU
	EndGlobalSection
	GlobalSection(SolutionProperties) = preSolution
		HideSolutionNode = FALSE
	EndGlobalSection
EndGlobal
