
Microsoft Visual Studio Solution File, Format Version 12.00
# Visual Studio 15
VisualStudioVersion = 15.0.28307.136
MinimumVisualStudioVersion = 10.0.40219.1
Project("{FAE04EC0-301F-11D3-BF4B-00C04F79EFBC}") = "Day01", "Day01\Day01.csproj", "{729078B6-C311-47CB-870E-93FA5DC17909}"
EndProject
Project("{FAE04EC0-301F-11D3-BF4B-00C04F79EFBC}") = "Day02", "Day02\Day02.csproj", "{ECC06E95-BD2C-45D8-B750-5A713267ADD8}"
EndProject
Project("{FAE04EC0-301F-11D3-BF4B-00C04F79EFBC}") = "Day03", "Day03\Day03.csproj", "{72CC794B-084E-4B68-989D-78FD9E80BD0E}"
EndProject
Project("{FAE04EC0-301F-11D3-BF4B-00C04F79EFBC}") = "Day04", "Day04\Day04.csproj", "{77C60070-D751-4182-BB31-0D71D4A5DCDE}"
EndProject
Project("{FAE04EC0-301F-11D3-BF4B-00C04F79EFBC}") = "Day05", "Day05\Day05.csproj", "{C8143EBB-5ABE-4B18-ACF4-07BFDFC284B2}"
EndProject
Project("{FAE04EC0-301F-11D3-BF4B-00C04F79EFBC}") = "Day06", "Day06\Day06.csproj", "{1604E77C-59DA-4325-A689-608CD0308BD1}"
EndProject
Project("{FAE04EC0-301F-11D3-BF4B-00C04F79EFBC}") = "Day07", "Day07\Day07.csproj", "{FCFF5EDD-7E29-4F52-B72A-B9A27D924577}"
EndProject
Project("{FAE04EC0-301F-11D3-BF4B-00C04F79EFBC}") = "Day11", "Day11\Day11.csproj", "{7F5D0A61-ABF6-4300-9169-A2F20B1329B3}"
EndProject
Project("{FAE04EC0-301F-11D3-BF4B-00C04F79EFBC}") = "Day12", "Day12\Day12.csproj", "{52B6DE2A-7C0D-4508-9449-C9B800A06DC3}"
EndProject
Project("{FAE04EC0-301F-11D3-BF4B-00C04F79EFBC}") = "Day13", "Day13\Day13.csproj", "{40EF8DE2-BF3E-4DCD-9097-49C9E7BFDB2B}"
EndProject
Project("{FAE04EC0-301F-11D3-BF4B-00C04F79EFBC}") = "Day14", "Day14\Day14.csproj", "{4C6EDD6B-F54E-45AE-AA6A-BDB232D92A0F}"
EndProject
Project("{FAE04EC0-301F-11D3-BF4B-00C04F79EFBC}") = "Day15", "Day15\Day15.csproj", "{75EDEF05-7E7D-43C4-984F-41B8720619CA}"
EndProject
Project("{FAE04EC0-301F-11D3-BF4B-00C04F79EFBC}") = "Day16", "Day16\Day16.csproj", "{F0D5B760-5D93-4A26-8C95-8BA10A7E2F13}"
EndProject
Project("{FAE04EC0-301F-11D3-BF4B-00C04F79EFBC}") = "Day17", "Day17\Day17.csproj", "{03EFC3FF-2BA7-4EED-B331-6E3859B636E2}"
EndProject
Project("{FAE04EC0-301F-11D3-BF4B-00C04F79EFBC}") = "Day18", "Day18\Day18.csproj", "{5F59A813-CC2A-44BA-9D1A-218A4F5EDE07}"
EndProject
Project("{FAE04EC0-301F-11D3-BF4B-00C04F79EFBC}") = "Day19", "Day19\Day19.csproj", "{C8AB5CC9-4BA3-43B6-BE30-792C77B74BBD}"
EndProject
Project("{FAE04EC0-301F-11D3-BF4B-00C04F79EFBC}") = "Day20", "Day20\Day20.csproj", "{E5B86137-A910-42FC-A6E1-0CF4D4086767}"
EndProject
Project("{FAE04EC0-301F-11D3-BF4B-00C04F79EFBC}") = "Day21", "Day21\Day21.csproj", "{065073A3-FDE6-4DB9-AEE8-CE9B02F09409}"
EndProject
Project("{FAE04EC0-301F-11D3-BF4B-00C04F79EFBC}") = "Day22", "Day22\Day22.csproj", "{105799A9-FC04-4116-9DBF-103944011969}"
EndProject
Project("{FAE04EC0-301F-11D3-BF4B-00C04F79EFBC}") = "Day23", "Day23\Day23.csproj", "{79D19F79-AE09-49EF-ABA6-A7E393770093}"
EndProject
Project("{FAE04EC0-301F-11D3-BF4B-00C04F79EFBC}") = "Day24", "Day24\Day24.csproj", "{76C04258-9C5A-407C-8049-2D428D59FE5E}"
EndProject
Project("{FAE04EC0-301F-11D3-BF4B-00C04F79EFBC}") = "Day25", "Day25\Day25.csproj", "{B86F5687-BF56-4D56-AAC0-E11B8E4943AF}"
EndProject
Global
	GlobalSection(SolutionConfigurationPlatforms) = preSolution
		Debug|Any CPU = Debug|Any CPU
		Release|Any CPU = Release|Any CPU
	EndGlobalSection
	GlobalSection(ProjectConfigurationPlatforms) = postSolution
		{729078B6-C311-47CB-870E-93FA5DC17909}.Debug|Any CPU.ActiveCfg = Debug|Any CPU
		{729078B6-C311-47CB-870E-93FA5DC17909}.Debug|Any CPU.Build.0 = Debug|Any CPU
		{729078B6-C311-47CB-870E-93FA5DC17909}.Release|Any CPU.ActiveCfg = Release|Any CPU
		{729078B6-C311-47CB-870E-93FA5DC17909}.Release|Any CPU.Build.0 = Release|Any CPU
		{ECC06E95-BD2C-45D8-B750-5A713267ADD8}.Debug|Any CPU.ActiveCfg = Debug|Any CPU
		{ECC06E95-BD2C-45D8-B750-5A713267ADD8}.Debug|Any CPU.Build.0 = Debug|Any CPU
		{ECC06E95-BD2C-45D8-B750-5A713267ADD8}.Release|Any CPU.ActiveCfg = Release|Any CPU
		{ECC06E95-BD2C-45D8-B750-5A713267ADD8}.Release|Any CPU.Build.0 = Release|Any CPU
		{72CC794B-084E-4B68-989D-78FD9E80BD0E}.Debug|Any CPU.ActiveCfg = Debug|Any CPU
		{72CC794B-084E-4B68-989D-78FD9E80BD0E}.Debug|Any CPU.Build.0 = Debug|Any CPU
		{72CC794B-084E-4B68-989D-78FD9E80BD0E}.Release|Any CPU.ActiveCfg = Release|Any CPU
		{72CC794B-084E-4B68-989D-78FD9E80BD0E}.Release|Any CPU.Build.0 = Release|Any CPU
		{77C60070-D751-4182-BB31-0D71D4A5DCDE}.Debug|Any CPU.ActiveCfg = Debug|Any CPU
		{77C60070-D751-4182-BB31-0D71D4A5DCDE}.Debug|Any CPU.Build.0 = Debug|Any CPU
		{77C60070-D751-4182-BB31-0D71D4A5DCDE}.Release|Any CPU.ActiveCfg = Release|Any CPU
		{77C60070-D751-4182-BB31-0D71D4A5DCDE}.Release|Any CPU.Build.0 = Release|Any CPU
		{C8143EBB-5ABE-4B18-ACF4-07BFDFC284B2}.Debug|Any CPU.ActiveCfg = Debug|Any CPU
		{C8143EBB-5ABE-4B18-ACF4-07BFDFC284B2}.Debug|Any CPU.Build.0 = Debug|Any CPU
		{C8143EBB-5ABE-4B18-ACF4-07BFDFC284B2}.Release|Any CPU.ActiveCfg = Release|Any CPU
		{C8143EBB-5ABE-4B18-ACF4-07BFDFC284B2}.Release|Any CPU.Build.0 = Release|Any CPU
		{1604E77C-59DA-4325-A689-608CD0308BD1}.Debug|Any CPU.ActiveCfg = Debug|Any CPU
		{1604E77C-59DA-4325-A689-608CD0308BD1}.Debug|Any CPU.Build.0 = Debug|Any CPU
		{1604E77C-59DA-4325-A689-608CD0308BD1}.Release|Any CPU.ActiveCfg = Release|Any CPU
		{1604E77C-59DA-4325-A689-608CD0308BD1}.Release|Any CPU.Build.0 = Release|Any CPU
		{FCFF5EDD-7E29-4F52-B72A-B9A27D924577}.Debug|Any CPU.ActiveCfg = Debug|Any CPU
		{FCFF5EDD-7E29-4F52-B72A-B9A27D924577}.Debug|Any CPU.Build.0 = Debug|Any CPU
		{FCFF5EDD-7E29-4F52-B72A-B9A27D924577}.Release|Any CPU.ActiveCfg = Release|Any CPU
		{FCFF5EDD-7E29-4F52-B72A-B9A27D924577}.Release|Any CPU.Build.0 = Release|Any CPU
		{7F5D0A61-ABF6-4300-9169-A2F20B1329B3}.Debug|Any CPU.ActiveCfg = Debug|Any CPU
		{7F5D0A61-ABF6-4300-9169-A2F20B1329B3}.Debug|Any CPU.Build.0 = Debug|Any CPU
		{7F5D0A61-ABF6-4300-9169-A2F20B1329B3}.Release|Any CPU.ActiveCfg = Release|Any CPU
		{7F5D0A61-ABF6-4300-9169-A2F20B1329B3}.Release|Any CPU.Build.0 = Release|Any CPU
		{52B6DE2A-7C0D-4508-9449-C9B800A06DC3}.Debug|Any CPU.ActiveCfg = Debug|Any CPU
		{52B6DE2A-7C0D-4508-9449-C9B800A06DC3}.Debug|Any CPU.Build.0 = Debug|Any CPU
		{52B6DE2A-7C0D-4508-9449-C9B800A06DC3}.Release|Any CPU.ActiveCfg = Release|Any CPU
		{52B6DE2A-7C0D-4508-9449-C9B800A06DC3}.Release|Any CPU.Build.0 = Release|Any CPU
		{40EF8DE2-BF3E-4DCD-9097-49C9E7BFDB2B}.Debug|Any CPU.ActiveCfg = Debug|Any CPU
		{40EF8DE2-BF3E-4DCD-9097-49C9E7BFDB2B}.Debug|Any CPU.Build.0 = Debug|Any CPU
		{40EF8DE2-BF3E-4DCD-9097-49C9E7BFDB2B}.Release|Any CPU.ActiveCfg = Release|Any CPU
		{40EF8DE2-BF3E-4DCD-9097-49C9E7BFDB2B}.Release|Any CPU.Build.0 = Release|Any CPU
		{4C6EDD6B-F54E-45AE-AA6A-BDB232D92A0F}.Debug|Any CPU.ActiveCfg = Debug|Any CPU
		{4C6EDD6B-F54E-45AE-AA6A-BDB232D92A0F}.Debug|Any CPU.Build.0 = Debug|Any CPU
		{4C6EDD6B-F54E-45AE-AA6A-BDB232D92A0F}.Release|Any CPU.ActiveCfg = Release|Any CPU
		{4C6EDD6B-F54E-45AE-AA6A-BDB232D92A0F}.Release|Any CPU.Build.0 = Release|Any CPU
		{75EDEF05-7E7D-43C4-984F-41B8720619CA}.Debug|Any CPU.ActiveCfg = Debug|Any CPU
		{75EDEF05-7E7D-43C4-984F-41B8720619CA}.Debug|Any CPU.Build.0 = Debug|Any CPU
		{75EDEF05-7E7D-43C4-984F-41B8720619CA}.Release|Any CPU.ActiveCfg = Release|Any CPU
		{75EDEF05-7E7D-43C4-984F-41B8720619CA}.Release|Any CPU.Build.0 = Release|Any CPU
		{F0D5B760-5D93-4A26-8C95-8BA10A7E2F13}.Debug|Any CPU.ActiveCfg = Debug|Any CPU
		{F0D5B760-5D93-4A26-8C95-8BA10A7E2F13}.Debug|Any CPU.Build.0 = Debug|Any CPU
		{F0D5B760-5D93-4A26-8C95-8BA10A7E2F13}.Release|Any CPU.ActiveCfg = Release|Any CPU
		{F0D5B760-5D93-4A26-8C95-8BA10A7E2F13}.Release|Any CPU.Build.0 = Release|Any CPU
		{03EFC3FF-2BA7-4EED-B331-6E3859B636E2}.Debug|Any CPU.ActiveCfg = Debug|Any CPU
		{03EFC3FF-2BA7-4EED-B331-6E3859B636E2}.Debug|Any CPU.Build.0 = Debug|Any CPU
		{03EFC3FF-2BA7-4EED-B331-6E3859B636E2}.Release|Any CPU.ActiveCfg = Release|Any CPU
		{03EFC3FF-2BA7-4EED-B331-6E3859B636E2}.Release|Any CPU.Build.0 = Release|Any CPU
		{5F59A813-CC2A-44BA-9D1A-218A4F5EDE07}.Debug|Any CPU.ActiveCfg = Debug|Any CPU
		{5F59A813-CC2A-44BA-9D1A-218A4F5EDE07}.Debug|Any CPU.Build.0 = Debug|Any CPU
		{5F59A813-CC2A-44BA-9D1A-218A4F5EDE07}.Release|Any CPU.ActiveCfg = Release|Any CPU
		{5F59A813-CC2A-44BA-9D1A-218A4F5EDE07}.Release|Any CPU.Build.0 = Release|Any CPU
		{C8AB5CC9-4BA3-43B6-BE30-792C77B74BBD}.Debug|Any CPU.ActiveCfg = Debug|Any CPU
		{C8AB5CC9-4BA3-43B6-BE30-792C77B74BBD}.Debug|Any CPU.Build.0 = Debug|Any CPU
		{C8AB5CC9-4BA3-43B6-BE30-792C77B74BBD}.Release|Any CPU.ActiveCfg = Release|Any CPU
		{C8AB5CC9-4BA3-43B6-BE30-792C77B74BBD}.Release|Any CPU.Build.0 = Release|Any CPU
		{E5B86137-A910-42FC-A6E1-0CF4D4086767}.Debug|Any CPU.ActiveCfg = Debug|Any CPU
		{E5B86137-A910-42FC-A6E1-0CF4D4086767}.Debug|Any CPU.Build.0 = Debug|Any CPU
		{E5B86137-A910-42FC-A6E1-0CF4D4086767}.Release|Any CPU.ActiveCfg = Release|Any CPU
		{E5B86137-A910-42FC-A6E1-0CF4D4086767}.Release|Any CPU.Build.0 = Release|Any CPU
		{065073A3-FDE6-4DB9-AEE8-CE9B02F09409}.Debug|Any CPU.ActiveCfg = Debug|Any CPU
		{065073A3-FDE6-4DB9-AEE8-CE9B02F09409}.Debug|Any CPU.Build.0 = Debug|Any CPU
		{065073A3-FDE6-4DB9-AEE8-CE9B02F09409}.Release|Any CPU.ActiveCfg = Release|Any CPU
		{065073A3-FDE6-4DB9-AEE8-CE9B02F09409}.Release|Any CPU.Build.0 = Release|Any CPU
		{105799A9-FC04-4116-9DBF-103944011969}.Debug|Any CPU.ActiveCfg = Debug|Any CPU
		{105799A9-FC04-4116-9DBF-103944011969}.Debug|Any CPU.Build.0 = Debug|Any CPU
		{105799A9-FC04-4116-9DBF-103944011969}.Release|Any CPU.ActiveCfg = Release|Any CPU
		{105799A9-FC04-4116-9DBF-103944011969}.Release|Any CPU.Build.0 = Release|Any CPU
		{79D19F79-AE09-49EF-ABA6-A7E393770093}.Debug|Any CPU.ActiveCfg = Debug|Any CPU
		{79D19F79-AE09-49EF-ABA6-A7E393770093}.Debug|Any CPU.Build.0 = Debug|Any CPU
		{79D19F79-AE09-49EF-ABA6-A7E393770093}.Release|Any CPU.ActiveCfg = Release|Any CPU
		{79D19F79-AE09-49EF-ABA6-A7E393770093}.Release|Any CPU.Build.0 = Release|Any CPU
		{76C04258-9C5A-407C-8049-2D428D59FE5E}.Debug|Any CPU.ActiveCfg = Debug|Any CPU
		{76C04258-9C5A-407C-8049-2D428D59FE5E}.Debug|Any CPU.Build.0 = Debug|Any CPU
		{76C04258-9C5A-407C-8049-2D428D59FE5E}.Release|Any CPU.ActiveCfg = Release|Any CPU
		{76C04258-9C5A-407C-8049-2D428D59FE5E}.Release|Any CPU.Build.0 = Release|Any CPU
		{B86F5687-BF56-4D56-AAC0-E11B8E4943AF}.Debug|Any CPU.ActiveCfg = Debug|Any CPU
		{B86F5687-BF56-4D56-AAC0-E11B8E4943AF}.Debug|Any CPU.Build.0 = Debug|Any CPU
		{B86F5687-BF56-4D56-AAC0-E11B8E4943AF}.Release|Any CPU.ActiveCfg = Release|Any CPU
		{B86F5687-BF56-4D56-AAC0-E11B8E4943AF}.Release|Any CPU.Build.0 = Release|Any CPU
	EndGlobalSection
	GlobalSection(SolutionProperties) = preSolution
		HideSolutionNode = FALSE
	EndGlobalSection
	GlobalSection(ExtensibilityGlobals) = postSolution
		SolutionGuid = {E7F9AC94-D94E-4A5E-874D-01AFF05F8298}
	EndGlobalSection
EndGlobal
