
Microsoft Visual Studio Solution File, Format Version 12.00
# Visual Studio 14
VisualStudioVersion = 14.0.25123.0
MinimumVisualStudioVersion = 10.0.40219.1
Project("{FAE04EC0-301F-11D3-BF4B-00C04F79EFBC}") = "Day01", "Day01\Day01.csproj", "{434709ED-AA82-47CB-B63F-FACA066ADF8D}"
EndProject
Project("{FAE04EC0-301F-11D3-BF4B-00C04F79EFBC}") = "Day02", "Day02\Day02.csproj", "{80A6D866-A5CB-42D2-B4A4-707FF9C3973F}"
EndProject
Project("{FAE04EC0-301F-11D3-BF4B-00C04F79EFBC}") = "Day03", "Day03\Day03.csproj", "{F0A77DBC-05BF-417A-95B3-0582DEC511A0}"
EndProject
Project("{FAE04EC0-301F-11D3-BF4B-00C04F79EFBC}") = "Day04", "Day04\Day04.csproj", "{8434700E-DEE8-47AA-8D12-9E3568ADF8F4}"
EndProject
Project("{FAE04EC0-301F-11D3-BF4B-00C04F79EFBC}") = "Day05", "Day05\Day05.csproj", "{B33A2293-7F8F-4CE1-AF25-BC9185F32F22}"
EndProject
Project("{FAE04EC0-301F-11D3-BF4B-00C04F79EFBC}") = "Day06", "Day06\Day06.csproj", "{A0249198-3658-4502-8FEC-04596E80BB4C}"
EndProject
Project("{FAE04EC0-301F-11D3-BF4B-00C04F79EFBC}") = "Day07", "Day07\Day07.csproj", "{7DA13753-7FBB-41A8-958C-6404CA9716E3}"
EndProject
Project("{FAE04EC0-301F-11D3-BF4B-00C04F79EFBC}") = "Day08", "Day08\Day08.csproj", "{BDDFC40A-FC84-4F1A-8237-ACA8F7809FB2}"
EndProject
Project("{FAE04EC0-301F-11D3-BF4B-00C04F79EFBC}") = "Day09", "Day09\Day09.csproj", "{95B90BFE-413E-4033-B181-BD19F50895EA}"
EndProject
Project("{FAE04EC0-301F-11D3-BF4B-00C04F79EFBC}") = "Day10", "Day10\Day10.csproj", "{BE506C3C-015B-4EC7-9461-1FA48E78C8A0}"
EndProject
Project("{FAE04EC0-301F-11D3-BF4B-00C04F79EFBC}") = "Day11", "Day11\Day11.csproj", "{05297B32-8299-4300-BBB9-A931BD8F79DA}"
EndProject
Project("{FAE04EC0-301F-11D3-BF4B-00C04F79EFBC}") = "Day12", "Day12\Day12.csproj", "{B0296821-025B-406B-A2C1-D3E35C02F839}"
EndProject
Project("{FAE04EC0-301F-11D3-BF4B-00C04F79EFBC}") = "Day13", "Day13\Day13.csproj", "{D1A0797F-C002-43A3-B597-14608450AA1E}"
EndProject
Project("{FAE04EC0-301F-11D3-BF4B-00C04F79EFBC}") = "Day14", "Day14\Day14.csproj", "{2B25438D-8AFE-4342-AAE3-6ADAEE2463F7}"
EndProject
Project("{FAE04EC0-301F-11D3-BF4B-00C04F79EFBC}") = "Day15", "Day15\Day15.csproj", "{BD44580F-D952-42DC-B48E-8F76133B3260}"
EndProject
Project("{FAE04EC0-301F-11D3-BF4B-00C04F79EFBC}") = "Day16", "Day16\Day16.csproj", "{E701EA75-561C-4786-A2D7-EA39E6279B10}"
EndProject
Project("{FAE04EC0-301F-11D3-BF4B-00C04F79EFBC}") = "Day17", "Day17\Day17.csproj", "{3590F6A8-40BB-4BFF-AE78-63364B6D7AFB}"
EndProject
Project("{FAE04EC0-301F-11D3-BF4B-00C04F79EFBC}") = "Day18", "Day18\Day18.csproj", "{1C0C90A0-DF5C-4D92-A47A-E16BC5418921}"
EndProject
Project("{FAE04EC0-301F-11D3-BF4B-00C04F79EFBC}") = "Day19", "Day19\Day19.csproj", "{86F18CC7-0F51-407C-A61B-F6F00171474F}"
EndProject
Project("{FAE04EC0-301F-11D3-BF4B-00C04F79EFBC}") = "Day20", "Day20\Day20.csproj", "{EC5125B1-76AC-4C93-BB95-FC20D8BBDB85}"
EndProject
Project("{FAE04EC0-301F-11D3-BF4B-00C04F79EFBC}") = "Day21", "Day21\Day21.csproj", "{FE2274CC-E9D3-49CC-84FD-235302B48EF1}"
EndProject
Project("{FAE04EC0-301F-11D3-BF4B-00C04F79EFBC}") = "Day22", "Day22\Day22.csproj", "{507CF4AD-9D33-48CB-BCCC-AADA37844F62}"
EndProject
Project("{FAE04EC0-301F-11D3-BF4B-00C04F79EFBC}") = "Day23", "Day23\Day23.csproj", "{35048770-4AFD-4EB3-818D-6708A0E84A0A}"
EndProject
Project("{FAE04EC0-301F-11D3-BF4B-00C04F79EFBC}") = "Day24", "Day24\Day24.csproj", "{FB8027CD-2CF0-4D9A-9779-658EE8F3F08D}"
EndProject
Project("{FAE04EC0-301F-11D3-BF4B-00C04F79EFBC}") = "Day25", "Day25\Day25.csproj", "{66F85CF9-61F8-4BD0-A96D-3B89473593F4}"
EndProject
Global
	GlobalSection(SolutionConfigurationPlatforms) = preSolution
		Debug|Any CPU = Debug|Any CPU
		Release|Any CPU = Release|Any CPU
	EndGlobalSection
	GlobalSection(ProjectConfigurationPlatforms) = postSolution
		{434709ED-AA82-47CB-B63F-FACA066ADF8D}.Debug|Any CPU.ActiveCfg = Debug|Any CPU
		{434709ED-AA82-47CB-B63F-FACA066ADF8D}.Debug|Any CPU.Build.0 = Debug|Any CPU
		{434709ED-AA82-47CB-B63F-FACA066ADF8D}.Release|Any CPU.ActiveCfg = Release|Any CPU
		{434709ED-AA82-47CB-B63F-FACA066ADF8D}.Release|Any CPU.Build.0 = Release|Any CPU
		{80A6D866-A5CB-42D2-B4A4-707FF9C3973F}.Debug|Any CPU.ActiveCfg = Debug|Any CPU
		{80A6D866-A5CB-42D2-B4A4-707FF9C3973F}.Debug|Any CPU.Build.0 = Debug|Any CPU
		{80A6D866-A5CB-42D2-B4A4-707FF9C3973F}.Release|Any CPU.ActiveCfg = Release|Any CPU
		{80A6D866-A5CB-42D2-B4A4-707FF9C3973F}.Release|Any CPU.Build.0 = Release|Any CPU
		{F0A77DBC-05BF-417A-95B3-0582DEC511A0}.Debug|Any CPU.ActiveCfg = Debug|Any CPU
		{F0A77DBC-05BF-417A-95B3-0582DEC511A0}.Debug|Any CPU.Build.0 = Debug|Any CPU
		{F0A77DBC-05BF-417A-95B3-0582DEC511A0}.Release|Any CPU.ActiveCfg = Release|Any CPU
		{F0A77DBC-05BF-417A-95B3-0582DEC511A0}.Release|Any CPU.Build.0 = Release|Any CPU
		{8434700E-DEE8-47AA-8D12-9E3568ADF8F4}.Debug|Any CPU.ActiveCfg = Debug|Any CPU
		{8434700E-DEE8-47AA-8D12-9E3568ADF8F4}.Debug|Any CPU.Build.0 = Debug|Any CPU
		{8434700E-DEE8-47AA-8D12-9E3568ADF8F4}.Release|Any CPU.ActiveCfg = Release|Any CPU
		{8434700E-DEE8-47AA-8D12-9E3568ADF8F4}.Release|Any CPU.Build.0 = Release|Any CPU
		{B33A2293-7F8F-4CE1-AF25-BC9185F32F22}.Debug|Any CPU.ActiveCfg = Debug|Any CPU
		{B33A2293-7F8F-4CE1-AF25-BC9185F32F22}.Debug|Any CPU.Build.0 = Debug|Any CPU
		{B33A2293-7F8F-4CE1-AF25-BC9185F32F22}.Release|Any CPU.ActiveCfg = Release|Any CPU
		{B33A2293-7F8F-4CE1-AF25-BC9185F32F22}.Release|Any CPU.Build.0 = Release|Any CPU
		{A0249198-3658-4502-8FEC-04596E80BB4C}.Debug|Any CPU.ActiveCfg = Debug|Any CPU
		{A0249198-3658-4502-8FEC-04596E80BB4C}.Debug|Any CPU.Build.0 = Debug|Any CPU
		{A0249198-3658-4502-8FEC-04596E80BB4C}.Release|Any CPU.ActiveCfg = Release|Any CPU
		{A0249198-3658-4502-8FEC-04596E80BB4C}.Release|Any CPU.Build.0 = Release|Any CPU
		{7DA13753-7FBB-41A8-958C-6404CA9716E3}.Debug|Any CPU.ActiveCfg = Debug|Any CPU
		{7DA13753-7FBB-41A8-958C-6404CA9716E3}.Debug|Any CPU.Build.0 = Debug|Any CPU
		{7DA13753-7FBB-41A8-958C-6404CA9716E3}.Release|Any CPU.ActiveCfg = Release|Any CPU
		{7DA13753-7FBB-41A8-958C-6404CA9716E3}.Release|Any CPU.Build.0 = Release|Any CPU
		{BDDFC40A-FC84-4F1A-8237-ACA8F7809FB2}.Debug|Any CPU.ActiveCfg = Debug|Any CPU
		{BDDFC40A-FC84-4F1A-8237-ACA8F7809FB2}.Debug|Any CPU.Build.0 = Debug|Any CPU
		{BDDFC40A-FC84-4F1A-8237-ACA8F7809FB2}.Release|Any CPU.ActiveCfg = Release|Any CPU
		{BDDFC40A-FC84-4F1A-8237-ACA8F7809FB2}.Release|Any CPU.Build.0 = Release|Any CPU
		{95B90BFE-413E-4033-B181-BD19F50895EA}.Debug|Any CPU.ActiveCfg = Debug|Any CPU
		{95B90BFE-413E-4033-B181-BD19F50895EA}.Debug|Any CPU.Build.0 = Debug|Any CPU
		{95B90BFE-413E-4033-B181-BD19F50895EA}.Release|Any CPU.ActiveCfg = Release|Any CPU
		{95B90BFE-413E-4033-B181-BD19F50895EA}.Release|Any CPU.Build.0 = Release|Any CPU
		{BE506C3C-015B-4EC7-9461-1FA48E78C8A0}.Debug|Any CPU.ActiveCfg = Debug|Any CPU
		{BE506C3C-015B-4EC7-9461-1FA48E78C8A0}.Debug|Any CPU.Build.0 = Debug|Any CPU
		{BE506C3C-015B-4EC7-9461-1FA48E78C8A0}.Release|Any CPU.ActiveCfg = Release|Any CPU
		{BE506C3C-015B-4EC7-9461-1FA48E78C8A0}.Release|Any CPU.Build.0 = Release|Any CPU
		{05297B32-8299-4300-BBB9-A931BD8F79DA}.Debug|Any CPU.ActiveCfg = Debug|Any CPU
		{05297B32-8299-4300-BBB9-A931BD8F79DA}.Debug|Any CPU.Build.0 = Debug|Any CPU
		{05297B32-8299-4300-BBB9-A931BD8F79DA}.Release|Any CPU.ActiveCfg = Release|Any CPU
		{05297B32-8299-4300-BBB9-A931BD8F79DA}.Release|Any CPU.Build.0 = Release|Any CPU
		{B0296821-025B-406B-A2C1-D3E35C02F839}.Debug|Any CPU.ActiveCfg = Debug|Any CPU
		{B0296821-025B-406B-A2C1-D3E35C02F839}.Debug|Any CPU.Build.0 = Debug|Any CPU
		{B0296821-025B-406B-A2C1-D3E35C02F839}.Release|Any CPU.ActiveCfg = Release|Any CPU
		{B0296821-025B-406B-A2C1-D3E35C02F839}.Release|Any CPU.Build.0 = Release|Any CPU
		{D1A0797F-C002-43A3-B597-14608450AA1E}.Debug|Any CPU.ActiveCfg = Debug|Any CPU
		{D1A0797F-C002-43A3-B597-14608450AA1E}.Debug|Any CPU.Build.0 = Debug|Any CPU
		{D1A0797F-C002-43A3-B597-14608450AA1E}.Release|Any CPU.ActiveCfg = Release|Any CPU
		{D1A0797F-C002-43A3-B597-14608450AA1E}.Release|Any CPU.Build.0 = Release|Any CPU
		{2B25438D-8AFE-4342-AAE3-6ADAEE2463F7}.Debug|Any CPU.ActiveCfg = Debug|Any CPU
		{2B25438D-8AFE-4342-AAE3-6ADAEE2463F7}.Debug|Any CPU.Build.0 = Debug|Any CPU
		{2B25438D-8AFE-4342-AAE3-6ADAEE2463F7}.Release|Any CPU.ActiveCfg = Release|Any CPU
		{2B25438D-8AFE-4342-AAE3-6ADAEE2463F7}.Release|Any CPU.Build.0 = Release|Any CPU
		{BD44580F-D952-42DC-B48E-8F76133B3260}.Debug|Any CPU.ActiveCfg = Debug|Any CPU
		{BD44580F-D952-42DC-B48E-8F76133B3260}.Debug|Any CPU.Build.0 = Debug|Any CPU
		{BD44580F-D952-42DC-B48E-8F76133B3260}.Release|Any CPU.ActiveCfg = Release|Any CPU
		{BD44580F-D952-42DC-B48E-8F76133B3260}.Release|Any CPU.Build.0 = Release|Any CPU
		{E701EA75-561C-4786-A2D7-EA39E6279B10}.Debug|Any CPU.ActiveCfg = Debug|Any CPU
		{E701EA75-561C-4786-A2D7-EA39E6279B10}.Debug|Any CPU.Build.0 = Debug|Any CPU
		{E701EA75-561C-4786-A2D7-EA39E6279B10}.Release|Any CPU.ActiveCfg = Release|Any CPU
		{E701EA75-561C-4786-A2D7-EA39E6279B10}.Release|Any CPU.Build.0 = Release|Any CPU
		{3590F6A8-40BB-4BFF-AE78-63364B6D7AFB}.Debug|Any CPU.ActiveCfg = Debug|Any CPU
		{3590F6A8-40BB-4BFF-AE78-63364B6D7AFB}.Debug|Any CPU.Build.0 = Debug|Any CPU
		{3590F6A8-40BB-4BFF-AE78-63364B6D7AFB}.Release|Any CPU.ActiveCfg = Release|Any CPU
		{3590F6A8-40BB-4BFF-AE78-63364B6D7AFB}.Release|Any CPU.Build.0 = Release|Any CPU
		{1C0C90A0-DF5C-4D92-A47A-E16BC5418921}.Debug|Any CPU.ActiveCfg = Debug|Any CPU
		{1C0C90A0-DF5C-4D92-A47A-E16BC5418921}.Debug|Any CPU.Build.0 = Debug|Any CPU
		{1C0C90A0-DF5C-4D92-A47A-E16BC5418921}.Release|Any CPU.ActiveCfg = Release|Any CPU
		{1C0C90A0-DF5C-4D92-A47A-E16BC5418921}.Release|Any CPU.Build.0 = Release|Any CPU
		{86F18CC7-0F51-407C-A61B-F6F00171474F}.Debug|Any CPU.ActiveCfg = Debug|Any CPU
		{86F18CC7-0F51-407C-A61B-F6F00171474F}.Debug|Any CPU.Build.0 = Debug|Any CPU
		{86F18CC7-0F51-407C-A61B-F6F00171474F}.Release|Any CPU.ActiveCfg = Release|Any CPU
		{86F18CC7-0F51-407C-A61B-F6F00171474F}.Release|Any CPU.Build.0 = Release|Any CPU
		{EC5125B1-76AC-4C93-BB95-FC20D8BBDB85}.Debug|Any CPU.ActiveCfg = Debug|Any CPU
		{EC5125B1-76AC-4C93-BB95-FC20D8BBDB85}.Debug|Any CPU.Build.0 = Debug|Any CPU
		{EC5125B1-76AC-4C93-BB95-FC20D8BBDB85}.Release|Any CPU.ActiveCfg = Release|Any CPU
		{EC5125B1-76AC-4C93-BB95-FC20D8BBDB85}.Release|Any CPU.Build.0 = Release|Any CPU
		{FE2274CC-E9D3-49CC-84FD-235302B48EF1}.Debug|Any CPU.ActiveCfg = Debug|Any CPU
		{FE2274CC-E9D3-49CC-84FD-235302B48EF1}.Debug|Any CPU.Build.0 = Debug|Any CPU
		{FE2274CC-E9D3-49CC-84FD-235302B48EF1}.Release|Any CPU.ActiveCfg = Release|Any CPU
		{FE2274CC-E9D3-49CC-84FD-235302B48EF1}.Release|Any CPU.Build.0 = Release|Any CPU
		{507CF4AD-9D33-48CB-BCCC-AADA37844F62}.Debug|Any CPU.ActiveCfg = Debug|Any CPU
		{507CF4AD-9D33-48CB-BCCC-AADA37844F62}.Debug|Any CPU.Build.0 = Debug|Any CPU
		{507CF4AD-9D33-48CB-BCCC-AADA37844F62}.Release|Any CPU.ActiveCfg = Release|Any CPU
		{507CF4AD-9D33-48CB-BCCC-AADA37844F62}.Release|Any CPU.Build.0 = Release|Any CPU
		{35048770-4AFD-4EB3-818D-6708A0E84A0A}.Debug|Any CPU.ActiveCfg = Debug|Any CPU
		{35048770-4AFD-4EB3-818D-6708A0E84A0A}.Debug|Any CPU.Build.0 = Debug|Any CPU
		{35048770-4AFD-4EB3-818D-6708A0E84A0A}.Release|Any CPU.ActiveCfg = Release|Any CPU
		{35048770-4AFD-4EB3-818D-6708A0E84A0A}.Release|Any CPU.Build.0 = Release|Any CPU
		{FB8027CD-2CF0-4D9A-9779-658EE8F3F08D}.Debug|Any CPU.ActiveCfg = Debug|Any CPU
		{FB8027CD-2CF0-4D9A-9779-658EE8F3F08D}.Debug|Any CPU.Build.0 = Debug|Any CPU
		{FB8027CD-2CF0-4D9A-9779-658EE8F3F08D}.Release|Any CPU.ActiveCfg = Release|Any CPU
		{FB8027CD-2CF0-4D9A-9779-658EE8F3F08D}.Release|Any CPU.Build.0 = Release|Any CPU
		{66F85CF9-61F8-4BD0-A96D-3B89473593F4}.Debug|Any CPU.ActiveCfg = Debug|Any CPU
		{66F85CF9-61F8-4BD0-A96D-3B89473593F4}.Debug|Any CPU.Build.0 = Debug|Any CPU
		{66F85CF9-61F8-4BD0-A96D-3B89473593F4}.Release|Any CPU.ActiveCfg = Release|Any CPU
		{66F85CF9-61F8-4BD0-A96D-3B89473593F4}.Release|Any CPU.Build.0 = Release|Any CPU
	EndGlobalSection
	GlobalSection(SolutionProperties) = preSolution
		HideSolutionNode = FALSE
	EndGlobalSection
EndGlobal
